
Microsoft Visual Studio Solution File, Format Version 11.00
# Visual Studio 2010
Project("{FAE04EC0-301F-11D3-BF4B-00C04F79EFBC}") = "Jabbot", "Jabbot\Jabbot.csproj", "{478BFCF7-9397-49A7-AFD4-060B6B749E77}"
EndProject
Project("{2150E333-8FDC-42A3-9474-1A3956D46DE8}") = ".nuget", ".nuget", "{C052992A-8CDB-400F-B958-42CFE0F880E5}"
	ProjectSection(SolutionItems) = preProject
		.nuget\NuGet.exe = .nuget\NuGet.exe
		.nuget\NuGet.targets = .nuget\NuGet.targets
	EndProjectSection
EndProject
Project("{FAE04EC0-301F-11D3-BF4B-00C04F79EFBC}") = "Jabbot.ConsoleBotHost", "Jabbot.ConsoleBotHost\Jabbot.ConsoleBotHost.csproj", "{30F1CA67-DFD8-4FF3-A3AF-97ADD2F7792E}"
	ProjectSection(ProjectDependencies) = postProject
		{9518C000-0F98-41B0-81E9-5E065CF5387E} = {9518C000-0F98-41B0-81E9-5E065CF5387E}
		{87E3E12D-F46E-4425-8375-6882A6DF243A} = {87E3E12D-F46E-4425-8375-6882A6DF243A}
		{AC323937-D8F2-4285-99F3-1A6D8533E1CC} = {AC323937-D8F2-4285-99F3-1A6D8533E1CC}
		{40BDA852-8C23-4641-BF4F-5733429A6304} = {40BDA852-8C23-4641-BF4F-5733429A6304}
		{820F5965-A377-4A01-8BBE-D11E3415FC04} = {820F5965-A377-4A01-8BBE-D11E3415FC04}
		{6416F073-97F1-4DBB-B8D6-2011BE448D98} = {6416F073-97F1-4DBB-B8D6-2011BE448D98}
		{ED3BAD8A-2972-4D52-BE1E-9B73EE43E53C} = {ED3BAD8A-2972-4D52-BE1E-9B73EE43E53C}
		{D05250A1-6F48-49F1-967C-BCB25213EA06} = {D05250A1-6F48-49F1-967C-BCB25213EA06}
		{00F173A5-6E02-412A-A885-774DFAEB9612} = {00F173A5-6E02-412A-A885-774DFAEB9612}
		{1BCEA8B3-23C9-4087-9DC1-70EAC94D0787} = {1BCEA8B3-23C9-4087-9DC1-70EAC94D0787}
		{93DB29BE-BC75-4D59-9313-891A1245940D} = {93DB29BE-BC75-4D59-9313-891A1245940D}
		{C6B7B6F7-D895-4559-84C6-E5B5F0664B14} = {C6B7B6F7-D895-4559-84C6-E5B5F0664B14}
		{B1E7F2FE-7BC0-409A-9BE5-0A0E03553872} = {B1E7F2FE-7BC0-409A-9BE5-0A0E03553872}
	EndProjectSection
EndProject
Project("{FAE04EC0-301F-11D3-BF4B-00C04F79EFBC}") = "Jabbot.CommandSprockets", "Jabbot.CommandSprockets\Jabbot.CommandSprockets.csproj", "{FB5CE3F1-1575-440B-A6E9-4E5AFED35D8B}"
EndProject
Project("{2150E333-8FDC-42A3-9474-1A3956D46DE8}") = "Extensions", "Extensions", "{7170D00A-149E-427F-A7F9-FBA91CE3F9D7}"
EndProject
Project("{FAE04EC0-301F-11D3-BF4B-00C04F79EFBC}") = "SampleAnnouncement", "Extensions\SampleAnnouncement\SampleAnnouncement.csproj", "{00F173A5-6E02-412A-A885-774DFAEB9612}"
EndProject
Project("{FAE04EC0-301F-11D3-BF4B-00C04F79EFBC}") = "SampleSprocket", "Extensions\SampleSprocket\SampleSprocket.csproj", "{C6B7B6F7-D895-4559-84C6-E5B5F0664B14}"
	ProjectSection(ProjectDependencies) = postProject
		{FB5CE3F1-1575-440B-A6E9-4E5AFED35D8B} = {FB5CE3F1-1575-440B-A6E9-4E5AFED35D8B}
		{478BFCF7-9397-49A7-AFD4-060B6B749E77} = {478BFCF7-9397-49A7-AFD4-060B6B749E77}
	EndProjectSection
EndProject
Project("{FAE04EC0-301F-11D3-BF4B-00C04F79EFBC}") = "HelpSprocket", "Extensions\HelpSprocket\HelpSprocket.csproj", "{AC323937-D8F2-4285-99F3-1A6D8533E1CC}"
EndProject
Project("{FAE04EC0-301F-11D3-BF4B-00C04F79EFBC}") = "Jabbot.AspNetBotHost", "Jabbot.AspNetBotHost\Jabbot.AspNetBotHost.csproj", "{40BDA852-8C23-4641-BF4F-5733429A6304}"
	ProjectSection(ProjectDependencies) = postProject
		{ED3BAD8A-2972-4D52-BE1E-9B73EE43E53C} = {ED3BAD8A-2972-4D52-BE1E-9B73EE43E53C}
		{D05250A1-6F48-49F1-967C-BCB25213EA06} = {D05250A1-6F48-49F1-967C-BCB25213EA06}
		{1BCEA8B3-23C9-4087-9DC1-70EAC94D0787} = {1BCEA8B3-23C9-4087-9DC1-70EAC94D0787}
		{93DB29BE-BC75-4D59-9313-891A1245940D} = {93DB29BE-BC75-4D59-9313-891A1245940D}
	EndProjectSection
EndProject
Project("{FAE04EC0-301F-11D3-BF4B-00C04F79EFBC}") = "TwitterAnnouncer", "Extensions\TwitterAnnouncer\TwitterAnnouncer.csproj", "{820F5965-A377-4A01-8BBE-D11E3415FC04}"
EndProject
Project("{FAE04EC0-301F-11D3-BF4B-00C04F79EFBC}") = "IPityTheFoolSprocket", "Extensions\IPityTheFoolSprocket\IPityTheFoolSprocket.csproj", "{B1E7F2FE-7BC0-409A-9BE5-0A0E03553872}"
EndProject
Project("{FAE04EC0-301F-11D3-BF4B-00C04F79EFBC}") = "DisqusAnnouncer", "Extensions\DisqusAnnouncer\DisqusAnnouncer.csproj", "{ED3BAD8A-2972-4D52-BE1E-9B73EE43E53C}"
EndProject
Project("{FAE04EC0-301F-11D3-BF4B-00C04F79EFBC}") = "UserVoiceAnnouncer", "Extensions\UserVoiceAnnouncer\UserVoiceAnnouncer.csproj", "{D05250A1-6F48-49F1-967C-BCB25213EA06}"
EndProject
Project("{2150E333-8FDC-42A3-9474-1A3956D46DE8}") = "Tests", "Tests", "{A3A6EC44-1F10-4427-98DC-CF13D11F8C79}"
EndProject
Project("{FAE04EC0-301F-11D3-BF4B-00C04F79EFBC}") = "ExtensionTests", "Tests\ExtensionTests\ExtensionTests.csproj", "{3E8A88F3-737F-4F93-92EA-151B1FE3A44B}"
EndProject
Project("{FAE04EC0-301F-11D3-BF4B-00C04F79EFBC}") = "QuizSprocket", "Extensions\QuizSprocket\QuizSprocket.csproj", "{93DB29BE-BC75-4D59-9313-891A1245940D}"
EndProject
Project("{FAE04EC0-301F-11D3-BF4B-00C04F79EFBC}") = "VolunteerSprocket", "Extensions\VolunteerSprocket\VolunteerSprocket.csproj", "{87E3E12D-F46E-4425-8375-6882A6DF243A}"
EndProject
Project("{FAE04EC0-301F-11D3-BF4B-00C04F79EFBC}") = "WeatherSprocket", "Extensions\WeatherSprocket\WeatherSprocket.csproj", "{1BCEA8B3-23C9-4087-9DC1-70EAC94D0787}"
EndProject
Project("{FAE04EC0-301F-11D3-BF4B-00C04F79EFBC}") = "CalculatorSprocket", "Extensions\CalculatorSprocket\CalculatorSprocket.csproj", "{6416F073-97F1-4DBB-B8D6-2011BE448D98}"
EndProject
Project("{FAE04EC0-301F-11D3-BF4B-00C04F79EFBC}") = "GithubAnnouncements", "Extensions\GithubAnnouncements\GithubAnnouncements.csproj", "{9518C000-0F98-41B0-81E9-5E065CF5387E}"
EndProject
Global
	GlobalSection(SolutionConfigurationPlatforms) = preSolution
		Debug|Any CPU = Debug|Any CPU
		Debug|Mixed Platforms = Debug|Mixed Platforms
		Debug|x86 = Debug|x86
		Release|Any CPU = Release|Any CPU
		Release|Mixed Platforms = Release|Mixed Platforms
		Release|x86 = Release|x86
	EndGlobalSection
	GlobalSection(ProjectConfigurationPlatforms) = postSolution
		{478BFCF7-9397-49A7-AFD4-060B6B749E77}.Debug|Any CPU.ActiveCfg = Debug|Any CPU
		{478BFCF7-9397-49A7-AFD4-060B6B749E77}.Debug|Any CPU.Build.0 = Debug|Any CPU
		{478BFCF7-9397-49A7-AFD4-060B6B749E77}.Debug|Mixed Platforms.ActiveCfg = Debug|Any CPU
		{478BFCF7-9397-49A7-AFD4-060B6B749E77}.Debug|Mixed Platforms.Build.0 = Debug|Any CPU
		{478BFCF7-9397-49A7-AFD4-060B6B749E77}.Debug|x86.ActiveCfg = Debug|Any CPU
		{478BFCF7-9397-49A7-AFD4-060B6B749E77}.Release|Any CPU.ActiveCfg = Release|Any CPU
		{478BFCF7-9397-49A7-AFD4-060B6B749E77}.Release|Any CPU.Build.0 = Release|Any CPU
		{478BFCF7-9397-49A7-AFD4-060B6B749E77}.Release|Mixed Platforms.ActiveCfg = Release|Any CPU
		{478BFCF7-9397-49A7-AFD4-060B6B749E77}.Release|Mixed Platforms.Build.0 = Release|Any CPU
		{478BFCF7-9397-49A7-AFD4-060B6B749E77}.Release|x86.ActiveCfg = Release|Any CPU
		{30F1CA67-DFD8-4FF3-A3AF-97ADD2F7792E}.Debug|Any CPU.ActiveCfg = Debug|x86
		{30F1CA67-DFD8-4FF3-A3AF-97ADD2F7792E}.Debug|Any CPU.Build.0 = Debug|x86
		{30F1CA67-DFD8-4FF3-A3AF-97ADD2F7792E}.Debug|Mixed Platforms.ActiveCfg = Debug|x86
		{30F1CA67-DFD8-4FF3-A3AF-97ADD2F7792E}.Debug|Mixed Platforms.Build.0 = Debug|x86
		{30F1CA67-DFD8-4FF3-A3AF-97ADD2F7792E}.Debug|x86.ActiveCfg = Debug|x86
		{30F1CA67-DFD8-4FF3-A3AF-97ADD2F7792E}.Debug|x86.Build.0 = Debug|x86
		{30F1CA67-DFD8-4FF3-A3AF-97ADD2F7792E}.Release|Any CPU.ActiveCfg = Release|x86
		{30F1CA67-DFD8-4FF3-A3AF-97ADD2F7792E}.Release|Mixed Platforms.ActiveCfg = Release|x86
		{30F1CA67-DFD8-4FF3-A3AF-97ADD2F7792E}.Release|Mixed Platforms.Build.0 = Release|x86
		{30F1CA67-DFD8-4FF3-A3AF-97ADD2F7792E}.Release|x86.ActiveCfg = Release|x86
		{30F1CA67-DFD8-4FF3-A3AF-97ADD2F7792E}.Release|x86.Build.0 = Release|x86
		{FB5CE3F1-1575-440B-A6E9-4E5AFED35D8B}.Debug|Any CPU.ActiveCfg = Debug|Any CPU
		{FB5CE3F1-1575-440B-A6E9-4E5AFED35D8B}.Debug|Any CPU.Build.0 = Debug|Any CPU
		{FB5CE3F1-1575-440B-A6E9-4E5AFED35D8B}.Debug|Mixed Platforms.ActiveCfg = Debug|Any CPU
		{FB5CE3F1-1575-440B-A6E9-4E5AFED35D8B}.Debug|Mixed Platforms.Build.0 = Debug|Any CPU
		{FB5CE3F1-1575-440B-A6E9-4E5AFED35D8B}.Debug|x86.ActiveCfg = Debug|Any CPU
		{FB5CE3F1-1575-440B-A6E9-4E5AFED35D8B}.Release|Any CPU.ActiveCfg = Release|Any CPU
		{FB5CE3F1-1575-440B-A6E9-4E5AFED35D8B}.Release|Any CPU.Build.0 = Release|Any CPU
		{FB5CE3F1-1575-440B-A6E9-4E5AFED35D8B}.Release|Mixed Platforms.ActiveCfg = Release|Any CPU
		{FB5CE3F1-1575-440B-A6E9-4E5AFED35D8B}.Release|Mixed Platforms.Build.0 = Release|Any CPU
		{FB5CE3F1-1575-440B-A6E9-4E5AFED35D8B}.Release|x86.ActiveCfg = Release|Any CPU
		{00F173A5-6E02-412A-A885-774DFAEB9612}.Debug|Any CPU.ActiveCfg = Debug|Any CPU
		{00F173A5-6E02-412A-A885-774DFAEB9612}.Debug|Any CPU.Build.0 = Debug|Any CPU
		{00F173A5-6E02-412A-A885-774DFAEB9612}.Debug|Mixed Platforms.ActiveCfg = Debug|Any CPU
		{00F173A5-6E02-412A-A885-774DFAEB9612}.Debug|Mixed Platforms.Build.0 = Debug|Any CPU
		{00F173A5-6E02-412A-A885-774DFAEB9612}.Debug|x86.ActiveCfg = Debug|Any CPU
		{00F173A5-6E02-412A-A885-774DFAEB9612}.Release|Any CPU.ActiveCfg = Release|Any CPU
		{00F173A5-6E02-412A-A885-774DFAEB9612}.Release|Any CPU.Build.0 = Release|Any CPU
		{00F173A5-6E02-412A-A885-774DFAEB9612}.Release|Mixed Platforms.ActiveCfg = Release|Any CPU
		{00F173A5-6E02-412A-A885-774DFAEB9612}.Release|Mixed Platforms.Build.0 = Release|Any CPU
		{00F173A5-6E02-412A-A885-774DFAEB9612}.Release|x86.ActiveCfg = Release|Any CPU
		{C6B7B6F7-D895-4559-84C6-E5B5F0664B14}.Debug|Any CPU.ActiveCfg = Debug|Any CPU
		{C6B7B6F7-D895-4559-84C6-E5B5F0664B14}.Debug|Any CPU.Build.0 = Debug|Any CPU
		{C6B7B6F7-D895-4559-84C6-E5B5F0664B14}.Debug|Mixed Platforms.ActiveCfg = Debug|Any CPU
		{C6B7B6F7-D895-4559-84C6-E5B5F0664B14}.Debug|Mixed Platforms.Build.0 = Debug|Any CPU
		{C6B7B6F7-D895-4559-84C6-E5B5F0664B14}.Debug|x86.ActiveCfg = Debug|Any CPU
		{C6B7B6F7-D895-4559-84C6-E5B5F0664B14}.Release|Any CPU.ActiveCfg = Release|Any CPU
		{C6B7B6F7-D895-4559-84C6-E5B5F0664B14}.Release|Any CPU.Build.0 = Release|Any CPU
		{C6B7B6F7-D895-4559-84C6-E5B5F0664B14}.Release|Mixed Platforms.ActiveCfg = Release|Any CPU
		{C6B7B6F7-D895-4559-84C6-E5B5F0664B14}.Release|Mixed Platforms.Build.0 = Release|Any CPU
		{C6B7B6F7-D895-4559-84C6-E5B5F0664B14}.Release|x86.ActiveCfg = Release|Any CPU
		{AC323937-D8F2-4285-99F3-1A6D8533E1CC}.Debug|Any CPU.ActiveCfg = Debug|Any CPU
		{AC323937-D8F2-4285-99F3-1A6D8533E1CC}.Debug|Any CPU.Build.0 = Debug|Any CPU
		{AC323937-D8F2-4285-99F3-1A6D8533E1CC}.Debug|Mixed Platforms.ActiveCfg = Debug|Any CPU
		{AC323937-D8F2-4285-99F3-1A6D8533E1CC}.Debug|Mixed Platforms.Build.0 = Debug|Any CPU
		{AC323937-D8F2-4285-99F3-1A6D8533E1CC}.Debug|x86.ActiveCfg = Debug|Any CPU
		{AC323937-D8F2-4285-99F3-1A6D8533E1CC}.Release|Any CPU.ActiveCfg = Release|Any CPU
		{AC323937-D8F2-4285-99F3-1A6D8533E1CC}.Release|Any CPU.Build.0 = Release|Any CPU
		{AC323937-D8F2-4285-99F3-1A6D8533E1CC}.Release|Mixed Platforms.ActiveCfg = Release|Any CPU
		{AC323937-D8F2-4285-99F3-1A6D8533E1CC}.Release|Mixed Platforms.Build.0 = Release|Any CPU
		{AC323937-D8F2-4285-99F3-1A6D8533E1CC}.Release|x86.ActiveCfg = Release|Any CPU
		{40BDA852-8C23-4641-BF4F-5733429A6304}.Debug|Any CPU.ActiveCfg = Debug|Any CPU
		{40BDA852-8C23-4641-BF4F-5733429A6304}.Debug|Any CPU.Build.0 = Debug|Any CPU
		{40BDA852-8C23-4641-BF4F-5733429A6304}.Debug|Mixed Platforms.ActiveCfg = Debug|Any CPU
		{40BDA852-8C23-4641-BF4F-5733429A6304}.Debug|Mixed Platforms.Build.0 = Debug|Any CPU
		{40BDA852-8C23-4641-BF4F-5733429A6304}.Debug|x86.ActiveCfg = Debug|Any CPU
		{40BDA852-8C23-4641-BF4F-5733429A6304}.Release|Any CPU.ActiveCfg = Release|Any CPU
		{40BDA852-8C23-4641-BF4F-5733429A6304}.Release|Any CPU.Build.0 = Release|Any CPU
		{40BDA852-8C23-4641-BF4F-5733429A6304}.Release|Mixed Platforms.ActiveCfg = Release|Any CPU
		{40BDA852-8C23-4641-BF4F-5733429A6304}.Release|Mixed Platforms.Build.0 = Release|Any CPU
		{40BDA852-8C23-4641-BF4F-5733429A6304}.Release|x86.ActiveCfg = Release|Any CPU
		{820F5965-A377-4A01-8BBE-D11E3415FC04}.Debug|Any CPU.ActiveCfg = Debug|Any CPU
		{820F5965-A377-4A01-8BBE-D11E3415FC04}.Debug|Any CPU.Build.0 = Debug|Any CPU
		{820F5965-A377-4A01-8BBE-D11E3415FC04}.Debug|Mixed Platforms.ActiveCfg = Debug|Any CPU
		{820F5965-A377-4A01-8BBE-D11E3415FC04}.Debug|Mixed Platforms.Build.0 = Debug|Any CPU
		{820F5965-A377-4A01-8BBE-D11E3415FC04}.Debug|x86.ActiveCfg = Debug|Any CPU
		{820F5965-A377-4A01-8BBE-D11E3415FC04}.Release|Any CPU.ActiveCfg = Release|Any CPU
		{820F5965-A377-4A01-8BBE-D11E3415FC04}.Release|Any CPU.Build.0 = Release|Any CPU
		{820F5965-A377-4A01-8BBE-D11E3415FC04}.Release|Mixed Platforms.ActiveCfg = Release|Any CPU
		{820F5965-A377-4A01-8BBE-D11E3415FC04}.Release|Mixed Platforms.Build.0 = Release|Any CPU
		{820F5965-A377-4A01-8BBE-D11E3415FC04}.Release|x86.ActiveCfg = Release|Any CPU
		{B1E7F2FE-7BC0-409A-9BE5-0A0E03553872}.Debug|Any CPU.ActiveCfg = Debug|Any CPU
		{B1E7F2FE-7BC0-409A-9BE5-0A0E03553872}.Debug|Any CPU.Build.0 = Debug|Any CPU
		{B1E7F2FE-7BC0-409A-9BE5-0A0E03553872}.Debug|Mixed Platforms.ActiveCfg = Debug|Any CPU
		{B1E7F2FE-7BC0-409A-9BE5-0A0E03553872}.Debug|Mixed Platforms.Build.0 = Debug|Any CPU
		{B1E7F2FE-7BC0-409A-9BE5-0A0E03553872}.Debug|x86.ActiveCfg = Debug|Any CPU
		{B1E7F2FE-7BC0-409A-9BE5-0A0E03553872}.Release|Any CPU.ActiveCfg = Release|Any CPU
		{B1E7F2FE-7BC0-409A-9BE5-0A0E03553872}.Release|Any CPU.Build.0 = Release|Any CPU
		{B1E7F2FE-7BC0-409A-9BE5-0A0E03553872}.Release|Mixed Platforms.ActiveCfg = Release|Any CPU
		{B1E7F2FE-7BC0-409A-9BE5-0A0E03553872}.Release|Mixed Platforms.Build.0 = Release|Any CPU
		{B1E7F2FE-7BC0-409A-9BE5-0A0E03553872}.Release|x86.ActiveCfg = Release|Any CPU
		{ED3BAD8A-2972-4D52-BE1E-9B73EE43E53C}.Debug|Any CPU.ActiveCfg = Debug|Any CPU
		{ED3BAD8A-2972-4D52-BE1E-9B73EE43E53C}.Debug|Any CPU.Build.0 = Debug|Any CPU
		{ED3BAD8A-2972-4D52-BE1E-9B73EE43E53C}.Debug|Mixed Platforms.ActiveCfg = Debug|Any CPU
		{ED3BAD8A-2972-4D52-BE1E-9B73EE43E53C}.Debug|Mixed Platforms.Build.0 = Debug|Any CPU
		{ED3BAD8A-2972-4D52-BE1E-9B73EE43E53C}.Debug|x86.ActiveCfg = Debug|Any CPU
		{ED3BAD8A-2972-4D52-BE1E-9B73EE43E53C}.Release|Any CPU.ActiveCfg = Release|Any CPU
		{ED3BAD8A-2972-4D52-BE1E-9B73EE43E53C}.Release|Any CPU.Build.0 = Release|Any CPU
		{ED3BAD8A-2972-4D52-BE1E-9B73EE43E53C}.Release|Mixed Platforms.ActiveCfg = Release|Any CPU
		{ED3BAD8A-2972-4D52-BE1E-9B73EE43E53C}.Release|Mixed Platforms.Build.0 = Release|Any CPU
		{ED3BAD8A-2972-4D52-BE1E-9B73EE43E53C}.Release|x86.ActiveCfg = Release|Any CPU
		{D05250A1-6F48-49F1-967C-BCB25213EA06}.Debug|Any CPU.ActiveCfg = Debug|Any CPU
		{D05250A1-6F48-49F1-967C-BCB25213EA06}.Debug|Any CPU.Build.0 = Debug|Any CPU
		{D05250A1-6F48-49F1-967C-BCB25213EA06}.Debug|Mixed Platforms.ActiveCfg = Debug|Any CPU
		{D05250A1-6F48-49F1-967C-BCB25213EA06}.Debug|Mixed Platforms.Build.0 = Debug|Any CPU
		{D05250A1-6F48-49F1-967C-BCB25213EA06}.Debug|x86.ActiveCfg = Debug|Any CPU
		{D05250A1-6F48-49F1-967C-BCB25213EA06}.Release|Any CPU.ActiveCfg = Release|Any CPU
		{D05250A1-6F48-49F1-967C-BCB25213EA06}.Release|Any CPU.Build.0 = Release|Any CPU
		{D05250A1-6F48-49F1-967C-BCB25213EA06}.Release|Mixed Platforms.ActiveCfg = Release|Any CPU
		{D05250A1-6F48-49F1-967C-BCB25213EA06}.Release|Mixed Platforms.Build.0 = Release|Any CPU
		{D05250A1-6F48-49F1-967C-BCB25213EA06}.Release|x86.ActiveCfg = Release|Any CPU
		{3E8A88F3-737F-4F93-92EA-151B1FE3A44B}.Debug|Any CPU.ActiveCfg = Debug|Any CPU
		{3E8A88F3-737F-4F93-92EA-151B1FE3A44B}.Debug|Any CPU.Build.0 = Debug|Any CPU
		{3E8A88F3-737F-4F93-92EA-151B1FE3A44B}.Debug|Mixed Platforms.ActiveCfg = Debug|Any CPU
		{3E8A88F3-737F-4F93-92EA-151B1FE3A44B}.Debug|Mixed Platforms.Build.0 = Debug|Any CPU
		{3E8A88F3-737F-4F93-92EA-151B1FE3A44B}.Debug|x86.ActiveCfg = Debug|Any CPU
		{3E8A88F3-737F-4F93-92EA-151B1FE3A44B}.Release|Any CPU.ActiveCfg = Release|Any CPU
		{3E8A88F3-737F-4F93-92EA-151B1FE3A44B}.Release|Any CPU.Build.0 = Release|Any CPU
		{3E8A88F3-737F-4F93-92EA-151B1FE3A44B}.Release|Mixed Platforms.ActiveCfg = Release|Any CPU
		{3E8A88F3-737F-4F93-92EA-151B1FE3A44B}.Release|Mixed Platforms.Build.0 = Release|Any CPU
		{3E8A88F3-737F-4F93-92EA-151B1FE3A44B}.Release|x86.ActiveCfg = Release|Any CPU
		{93DB29BE-BC75-4D59-9313-891A1245940D}.Debug|Any CPU.ActiveCfg = Debug|Any CPU
		{93DB29BE-BC75-4D59-9313-891A1245940D}.Debug|Any CPU.Build.0 = Debug|Any CPU
		{93DB29BE-BC75-4D59-9313-891A1245940D}.Debug|Mixed Platforms.ActiveCfg = Debug|Any CPU
		{93DB29BE-BC75-4D59-9313-891A1245940D}.Debug|Mixed Platforms.Build.0 = Debug|Any CPU
		{93DB29BE-BC75-4D59-9313-891A1245940D}.Debug|x86.ActiveCfg = Debug|Any CPU
		{93DB29BE-BC75-4D59-9313-891A1245940D}.Release|Any CPU.ActiveCfg = Release|Any CPU
		{93DB29BE-BC75-4D59-9313-891A1245940D}.Release|Any CPU.Build.0 = Release|Any CPU
		{93DB29BE-BC75-4D59-9313-891A1245940D}.Release|Mixed Platforms.ActiveCfg = Release|Any CPU
		{93DB29BE-BC75-4D59-9313-891A1245940D}.Release|Mixed Platforms.Build.0 = Release|Any CPU
		{93DB29BE-BC75-4D59-9313-891A1245940D}.Release|x86.ActiveCfg = Release|Any CPU
		{87E3E12D-F46E-4425-8375-6882A6DF243A}.Debug|Any CPU.ActiveCfg = Debug|Any CPU
		{87E3E12D-F46E-4425-8375-6882A6DF243A}.Debug|Any CPU.Build.0 = Debug|Any CPU
		{87E3E12D-F46E-4425-8375-6882A6DF243A}.Debug|Mixed Platforms.ActiveCfg = Debug|Any CPU
		{87E3E12D-F46E-4425-8375-6882A6DF243A}.Debug|Mixed Platforms.Build.0 = Debug|Any CPU
		{87E3E12D-F46E-4425-8375-6882A6DF243A}.Debug|x86.ActiveCfg = Debug|Any CPU
		{87E3E12D-F46E-4425-8375-6882A6DF243A}.Release|Any CPU.ActiveCfg = Release|Any CPU
		{87E3E12D-F46E-4425-8375-6882A6DF243A}.Release|Any CPU.Build.0 = Release|Any CPU
		{87E3E12D-F46E-4425-8375-6882A6DF243A}.Release|Mixed Platforms.ActiveCfg = Release|Any CPU
		{87E3E12D-F46E-4425-8375-6882A6DF243A}.Release|Mixed Platforms.Build.0 = Release|Any CPU
		{87E3E12D-F46E-4425-8375-6882A6DF243A}.Release|x86.ActiveCfg = Release|Any CPU
		{1BCEA8B3-23C9-4087-9DC1-70EAC94D0787}.Debug|Any CPU.ActiveCfg = Debug|Any CPU
		{1BCEA8B3-23C9-4087-9DC1-70EAC94D0787}.Debug|Any CPU.Build.0 = Debug|Any CPU
		{1BCEA8B3-23C9-4087-9DC1-70EAC94D0787}.Debug|Mixed Platforms.ActiveCfg = Debug|Any CPU
		{1BCEA8B3-23C9-4087-9DC1-70EAC94D0787}.Debug|Mixed Platforms.Build.0 = Debug|Any CPU
		{1BCEA8B3-23C9-4087-9DC1-70EAC94D0787}.Debug|x86.ActiveCfg = Debug|Any CPU
		{1BCEA8B3-23C9-4087-9DC1-70EAC94D0787}.Release|Any CPU.ActiveCfg = Release|Any CPU
		{1BCEA8B3-23C9-4087-9DC1-70EAC94D0787}.Release|Any CPU.Build.0 = Release|Any CPU
		{1BCEA8B3-23C9-4087-9DC1-70EAC94D0787}.Release|Mixed Platforms.ActiveCfg = Release|Any CPU
		{1BCEA8B3-23C9-4087-9DC1-70EAC94D0787}.Release|Mixed Platforms.Build.0 = Release|Any CPU
		{1BCEA8B3-23C9-4087-9DC1-70EAC94D0787}.Release|x86.ActiveCfg = Release|Any CPU
		{6416F073-97F1-4DBB-B8D6-2011BE448D98}.Debug|Any CPU.ActiveCfg = Debug|Any CPU
		{6416F073-97F1-4DBB-B8D6-2011BE448D98}.Debug|Any CPU.Build.0 = Debug|Any CPU
		{6416F073-97F1-4DBB-B8D6-2011BE448D98}.Debug|Mixed Platforms.ActiveCfg = Debug|Any CPU
		{6416F073-97F1-4DBB-B8D6-2011BE448D98}.Debug|Mixed Platforms.Build.0 = Debug|Any CPU
		{6416F073-97F1-4DBB-B8D6-2011BE448D98}.Debug|x86.ActiveCfg = Debug|Any CPU
		{6416F073-97F1-4DBB-B8D6-2011BE448D98}.Release|Any CPU.ActiveCfg = Release|Any CPU
		{6416F073-97F1-4DBB-B8D6-2011BE448D98}.Release|Any CPU.Build.0 = Release|Any CPU
		{6416F073-97F1-4DBB-B8D6-2011BE448D98}.Release|Mixed Platforms.ActiveCfg = Release|Any CPU
		{6416F073-97F1-4DBB-B8D6-2011BE448D98}.Release|Mixed Platforms.Build.0 = Release|Any CPU
		{6416F073-97F1-4DBB-B8D6-2011BE448D98}.Release|x86.ActiveCfg = Release|Any CPU
		{9518C000-0F98-41B0-81E9-5E065CF5387E}.Debug|Any CPU.ActiveCfg = Debug|Any CPU
		{9518C000-0F98-41B0-81E9-5E065CF5387E}.Debug|Any CPU.Build.0 = Debug|Any CPU
		{9518C000-0F98-41B0-81E9-5E065CF5387E}.Debug|Mixed Platforms.ActiveCfg = Debug|Any CPU
		{9518C000-0F98-41B0-81E9-5E065CF5387E}.Debug|Mixed Platforms.Build.0 = Debug|Any CPU
		{9518C000-0F98-41B0-81E9-5E065CF5387E}.Debug|x86.ActiveCfg = Debug|Any CPU
		{9518C000-0F98-41B0-81E9-5E065CF5387E}.Release|Any CPU.ActiveCfg = Release|Any CPU
		{9518C000-0F98-41B0-81E9-5E065CF5387E}.Release|Any CPU.Build.0 = Release|Any CPU
		{9518C000-0F98-41B0-81E9-5E065CF5387E}.Release|Mixed Platforms.ActiveCfg = Release|Any CPU
		{9518C000-0F98-41B0-81E9-5E065CF5387E}.Release|Mixed Platforms.Build.0 = Release|Any CPU
		{9518C000-0F98-41B0-81E9-5E065CF5387E}.Release|x86.ActiveCfg = Release|Any CPU
	EndGlobalSection
	GlobalSection(SolutionProperties) = preSolution
		HideSolutionNode = FALSE
	EndGlobalSection
	GlobalSection(NestedProjects) = preSolution
		{00F173A5-6E02-412A-A885-774DFAEB9612} = {7170D00A-149E-427F-A7F9-FBA91CE3F9D7}
		{C6B7B6F7-D895-4559-84C6-E5B5F0664B14} = {7170D00A-149E-427F-A7F9-FBA91CE3F9D7}
		{AC323937-D8F2-4285-99F3-1A6D8533E1CC} = {7170D00A-149E-427F-A7F9-FBA91CE3F9D7}
		{820F5965-A377-4A01-8BBE-D11E3415FC04} = {7170D00A-149E-427F-A7F9-FBA91CE3F9D7}
		{B1E7F2FE-7BC0-409A-9BE5-0A0E03553872} = {7170D00A-149E-427F-A7F9-FBA91CE3F9D7}
		{ED3BAD8A-2972-4D52-BE1E-9B73EE43E53C} = {7170D00A-149E-427F-A7F9-FBA91CE3F9D7}
		{D05250A1-6F48-49F1-967C-BCB25213EA06} = {7170D00A-149E-427F-A7F9-FBA91CE3F9D7}
		{93DB29BE-BC75-4D59-9313-891A1245940D} = {7170D00A-149E-427F-A7F9-FBA91CE3F9D7}
		{87E3E12D-F46E-4425-8375-6882A6DF243A} = {7170D00A-149E-427F-A7F9-FBA91CE3F9D7}
		{1BCEA8B3-23C9-4087-9DC1-70EAC94D0787} = {7170D00A-149E-427F-A7F9-FBA91CE3F9D7}
		{6416F073-97F1-4DBB-B8D6-2011BE448D98} = {7170D00A-149E-427F-A7F9-FBA91CE3F9D7}
		{9518C000-0F98-41B0-81E9-5E065CF5387E} = {7170D00A-149E-427F-A7F9-FBA91CE3F9D7}
		{3E8A88F3-737F-4F93-92EA-151B1FE3A44B} = {A3A6EC44-1F10-4427-98DC-CF13D11F8C79}
	EndGlobalSection
EndGlobal
